
Microsoft Visual Studio Solution File, Format Version 12.00
# Visual Studio Version 17
VisualStudioVersion = 17.5.33530.505
MinimumVisualStudioVersion = 10.0.40219.1
Project("{FAE04EC0-301F-11D3-BF4B-00C04F79EFBC}") = "FodboldDB-H3DB", "FodboldDB-H3DB\FodboldDB-H3DB.csproj", "{28C45C1D-2274-4215-BA36-CE815E104893}"
EndProject
Global
	GlobalSection(SolutionConfigurationPlatforms) = preSolution
		Debug|Any CPU = Debug|Any CPU
		Release|Any CPU = Release|Any CPU
	EndGlobalSection
	GlobalSection(ProjectConfigurationPlatforms) = postSolution
		{28C45C1D-2274-4215-BA36-CE815E104893}.Debug|Any CPU.ActiveCfg = Debug|Any CPU
		{28C45C1D-2274-4215-BA36-CE815E104893}.Debug|Any CPU.Build.0 = Debug|Any CPU
		{28C45C1D-2274-4215-BA36-CE815E104893}.Release|Any CPU.ActiveCfg = Release|Any CPU
		{28C45C1D-2274-4215-BA36-CE815E104893}.Release|Any CPU.Build.0 = Release|Any CPU
	EndGlobalSection
	GlobalSection(SolutionProperties) = preSolution
		HideSolutionNode = FALSE
	EndGlobalSection
	GlobalSection(ExtensibilityGlobals) = postSolution
		SolutionGuid = {C48305FD-7CB7-48E9-94D2-6A24F6FA666E}
	EndGlobalSection
EndGlobal
